
Microsoft Visual Studio Solution File, Format Version 12.00
# Visual Studio Version 16
VisualStudioVersion = 16.0.29728.190
MinimumVisualStudioVersion = 10.0.40219.1
Project("{FAE04EC0-301F-11D3-BF4B-00C04F79EFBC}") = "test-project-for-github-2", "test-project-for-github-2\test-project-for-github-2.csproj", "{7C545884-B9B1-481E-B578-E5ACC6C1CD19}"
EndProject
Global
	GlobalSection(SolutionConfigurationPlatforms) = preSolution
		Debug|Any CPU = Debug|Any CPU
		Release|Any CPU = Release|Any CPU
	EndGlobalSection
	GlobalSection(ProjectConfigurationPlatforms) = postSolution
		{7C545884-B9B1-481E-B578-E5ACC6C1CD19}.Debug|Any CPU.ActiveCfg = Debug|Any CPU
		{7C545884-B9B1-481E-B578-E5ACC6C1CD19}.Debug|Any CPU.Build.0 = Debug|Any CPU
		{7C545884-B9B1-481E-B578-E5ACC6C1CD19}.Release|Any CPU.ActiveCfg = Release|Any CPU
		{7C545884-B9B1-481E-B578-E5ACC6C1CD19}.Release|Any CPU.Build.0 = Release|Any CPU
	EndGlobalSection
	GlobalSection(SolutionProperties) = preSolution
		HideSolutionNode = FALSE
	EndGlobalSection
	GlobalSection(ExtensibilityGlobals) = postSolution
		SolutionGuid = {27CBA723-80ED-4190-ACBC-1C04A7E11185}
	EndGlobalSection
EndGlobal
